{
  "name": "flint-transform",
  "version": "1.4.5",
  "dependencies": {
    "amdefine": {
      "version": "1.0.0",
      "from": "amdefine@>=0.0.4",
      "resolved": "https://registry.npmjs.org/amdefine/-/amdefine-1.0.0.tgz"
    },
    "asap": {
      "version": "2.0.3",
      "from": "asap@>=2.0.3 <2.1.0",
      "resolved": "https://registry.npmjs.org/asap/-/asap-2.0.3.tgz"
    },
    "base62": {
      "version": "0.1.1",
      "from": "base62@0.1.1",
      "resolved": "https://registry.npmjs.org/base62/-/base62-0.1.1.tgz"
    },
    "core-js": {
      "version": "1.2.6",
      "from": "core-js@>=1.2.0 <2.0.0",
      "resolved": "https://registry.npmjs.org/core-js/-/core-js-1.2.6.tgz"
    },
    "envify": {
      "version": "3.4.0",
      "from": "envify@>=3.0.0 <4.0.0",
      "resolved": "https://registry.npmjs.org/envify/-/envify-3.4.0.tgz"
    },
    "esprima-fb": {
      "version": "13001.1001.0-dev-harmony-fb",
      "from": "esprima-fb@13001.1001.0-dev-harmony-fb",
      "resolved": "https://registry.npmjs.org/esprima-fb/-/esprima-fb-13001.1001.0-dev-harmony-fb.tgz"
    },
    "fbjs": {
      "version": "0.6.0",
      "from": "fbjs@>=0.6.0 <0.7.0",
      "resolved": "https://registry.npmjs.org/fbjs/-/fbjs-0.6.0.tgz"
    },
    "flint-nice-styles": {
      "version": "1.4.3"
    },
    "flint-stilr": {
      "version": "1.2.3",
      "from": "flint-stilr@>=1.2.1 <2.0.0",
      "dependencies": {
        "babel-runtime": {
          "version": "5.8.34",
          "from": "babel-runtime@>=5.5.8 <6.0.0",
          "resolved": "https://registry.npmjs.org/babel-runtime/-/babel-runtime-5.8.34.tgz"
        }
      }
    },
    "hash-sum": {
      "version": "1.0.2",
      "from": "hash-sum@*",
      "resolved": "https://registry.npmjs.org/hash-sum/-/hash-sum-1.0.2.tgz"
    },
    "js-tokens": {
      "version": "1.0.2",
      "from": "js-tokens@>=1.0.1 <2.0.0",
      "resolved": "https://registry.npmjs.org/js-tokens/-/js-tokens-1.0.2.tgz"
    },
    "jstransform": {
      "version": "10.1.0",
      "from": "jstransform@>=10.0.1 <11.0.0",
      "resolved": "https://registry.npmjs.org/jstransform/-/jstransform-10.1.0.tgz"
    },
    "loose-envify": {
      "version": "1.1.0",
      "from": "loose-envify@>=1.0.0 <2.0.0",
      "resolved": "https://registry.npmjs.org/loose-envify/-/loose-envify-1.1.0.tgz"
    },
    "promise": {
      "version": "7.1.1",
      "from": "promise@>=7.0.3 <8.0.0",
      "resolved": "https://registry.npmjs.org/promise/-/promise-7.1.1.tgz"
    },
    "react": {
      "version": "0.14.5",
      "from": "react@>=0.11.0",
      "resolved": "https://registry.npmjs.org/react/-/react-0.14.5.tgz"
    },
    "source-map": {
      "version": "0.1.31",
      "from": "source-map@0.1.31",
      "resolved": "https://registry.npmjs.org/source-map/-/source-map-0.1.31.tgz"
    },
    "through": {
      "version": "2.3.8",
      "from": "through@>=2.3.4 <2.4.0",
      "resolved": "https://registry.npmjs.org/through/-/through-2.3.8.tgz"
    },
    "ua-parser-js": {
      "version": "0.7.10",
      "from": "ua-parser-js@>=0.7.9 <0.8.0",
      "resolved": "https://registry.npmjs.org/ua-parser-js/-/ua-parser-js-0.7.10.tgz"
    },
    "whatwg-fetch": {
      "version": "0.9.0",
      "from": "whatwg-fetch@>=0.9.0 <0.10.0",
      "resolved": "https://registry.npmjs.org/whatwg-fetch/-/whatwg-fetch-0.9.0.tgz"
    }
  }
}
