{
  "name": "flint-tools",
  "version": "1.4.10",
  "dependencies": {
    "clone": {
      "version": "1.0.2",
      "from": "clone@>=1.0.2 <2.0.0",
      "resolved": "https://registry.npmjs.org/clone/-/clone-1.0.2.tgz"
    },
    "ellipsize": {
      "version": "0.0.2",
      "from": "ellipsize@0.0.2",
      "resolved": "https://registry.npmjs.org/ellipsize/-/ellipsize-0.0.2.tgz"
    },
    "keycode": {
      "version": "2.1.0",
      "from": "keycode@>=2.1.0 <3.0.0",
      "resolved": "https://registry.npmjs.org/keycode/-/keycode-2.1.0.tgz"
    },
    "md5-o-matic": {
      "version": "0.1.1",
      "from": "md5-o-matic@>=0.1.1 <0.2.0",
      "resolved": "https://registry.npmjs.org/md5-o-matic/-/md5-o-matic-0.1.1.tgz"
    },
    "mouse-event-offset": {
      "version": "3.0.2",
      "from": "mouse-event-offset@>=3.0.2 <4.0.0",
      "resolved": "https://registry.npmjs.org/mouse-event-offset/-/mouse-event-offset-3.0.2.tgz"
    },
    "underscore": {
      "version": "1.8.3",
      "from": "underscore@>=1.8.3 <2.0.0",
      "resolved": "https://registry.npmjs.org/underscore/-/underscore-1.8.3.tgz"
    }
  }
}
